github.com/kiry163/jsonrepair v0.1.0 h1:PegJvb7jWxIiMPPgySi0I+SMLC/KeYglKLjIiwwUIqk=
github.com/kiry163/jsonrepair v0.1.0/go.mod h1:MUvgJZwZnl3Y7PfetZGAUQsIeWT4j7aDDM9futat4jY=
github.com/kiry163/jsonrepair v0.1.2 h1:qxz9/HVf7TG2MlQOfTXdqINrX1UK4sD9wu1jGzWl+EE=
github.com/kiry163/jsonrepair v0.1.2/go.mod h1:MUvgJZwZnl3Y7PfetZGAUQsIeWT4j7aDDM9futat4jY=
